<?xml version="1.0" encoding="UTF-8" standalone="yes" ?>
<CodeBlocks_project_file>
	<FileVersion major="1" minor="6" />
	<Project>
		<Option title="Project1" />
		<Option pch_mode="2" />
		<Option compiler="gcc" />
		<Build>
			<Target title="Debug">
				<Option output="bin/Debug/Project1" prefix_auto="1" extension_auto="1" />
				<Option working_dir="C:/Users/CSM/Desktop/CSCI 291T/CSCI 291T/common/bin" />
				<Option object_output="obj/Debug/" />
				<Option type="1" />
				<Option compiler="gcc" />
				<Compiler>
					<Add option="-g" />
					<Add directory="include" />
				</Compiler>
			</Target>
			<Target title="Release">
				<Option output="bin/Release/Project1" prefix_auto="1" extension_auto="1" />
				<Option working_dir="C:/Users/CSM/Desktop/CSCI 291T/CSCI 291T/common/bin" />
				<Option object_output="obj/Release/" />
				<Option type="0" />
				<Option compiler="gcc" />
				<Compiler>
					<Add option="-O2" />
					<Add directory="include" />
				</Compiler>
				<Linker>
					<Add option="-s" />
				</Linker>
			</Target>
		</Build>
		<Compiler>
			<Add option="-Wall" />
			<Add directory="D:/My Work/MS/3rd Sem/CSCI 291T/common/include" />
		</Compiler>
		<Linker>
			<Add library="../../common/lib/libSOIL.a" />
			<Add library="../../common/lib/libirrKlang.a" />
			<Add library="freeglut" />
			<Add library="opengl32" />
			<Add library="glu32" />
			<Add library="winmm" />
			<Add library="gdi32" />
			<Add directory="D:/My Work/MS/3rd Sem/CSCI 291T/common/lib" />
		</Linker>
		<Unit filename="include/_2Dplyer.h" />
		<Unit filename="include/_Skybox.h" />
		<Unit filename="include/_common.h" />
		<Unit filename="include/_helppage.h" />
		<Unit filename="include/_inputs.h" />
		<Unit filename="include/_landingpage.h" />
		<Unit filename="include/_lighting.h" />
		<Unit filename="include/_menupage.h" />
		<Unit filename="include/_model.h" />
		<Unit filename="include/_parallax.h" />
		<Unit filename="include/_pausePage.h" />
		<Unit filename="include/_scene.h" />
		<Unit filename="include/_sounds.h" />
		<Unit filename="include/_textureloader.h" />
		<Unit filename="include/_timer.h" />
		<Unit filename="main.cpp" />
		<Unit filename="src/_2Dplyer.cpp" />
		<Unit filename="src/_Skybox.cpp" />
		<Unit filename="src/_helppage.cpp" />
		<Unit filename="src/_inputs.cpp" />
		<Unit filename="src/_landingpage.cpp" />
		<Unit filename="src/_lighting.cpp" />
		<Unit filename="src/_menupage.cpp" />
		<Unit filename="src/_model.cpp" />
		<Unit filename="src/_parallax.cpp" />
		<Unit filename="src/_pausePage.cpp" />
		<Unit filename="src/_scene.cpp" />
		<Unit filename="src/_sounds.cpp" />
		<Unit filename="src/_textureloader.cpp" />
		<Unit filename="src/_timer.cpp" />
		<Extensions>
			<lib_finder disable_auto="1" />
		</Extensions>
	</Project>
</CodeBlocks_project_file>
